
Microsoft Visual Studio Solution File, Format Version 12.00
# Visual Studio Version 16
VisualStudioVersion = 16.0.32002.261
MinimumVisualStudioVersion = 10.0.40219.1
Project("{FAE04EC0-301F-11D3-BF4B-00C04F79EFBC}") = "Random", "Random\Random.csproj", "{BC0E28A9-AAF0-42C6-B36E-6DE16AEF9082}"
EndProject
Global
	GlobalSection(SolutionConfigurationPlatforms) = preSolution
		Debug|Any CPU = Debug|Any CPU
		Release|Any CPU = Release|Any CPU
	EndGlobalSection
	GlobalSection(ProjectConfigurationPlatforms) = postSolution
		{BC0E28A9-AAF0-42C6-B36E-6DE16AEF9082}.Debug|Any CPU.ActiveCfg = Debug|Any CPU
		{BC0E28A9-AAF0-42C6-B36E-6DE16AEF9082}.Debug|Any CPU.Build.0 = Debug|Any CPU
		{BC0E28A9-AAF0-42C6-B36E-6DE16AEF9082}.Release|Any CPU.ActiveCfg = Release|Any CPU
		{BC0E28A9-AAF0-42C6-B36E-6DE16AEF9082}.Release|Any CPU.Build.0 = Release|Any CPU
	EndGlobalSection
	GlobalSection(SolutionProperties) = preSolution
		HideSolutionNode = FALSE
	EndGlobalSection
	GlobalSection(ExtensibilityGlobals) = postSolution
		SolutionGuid = {E634927A-43A9-4518-A133-8A14098BE002}
	EndGlobalSection
EndGlobal
